
Microsoft Visual Studio Solution File, Format Version 12.00
# Visual Studio 15
VisualStudioVersion = 15.0.28307.106
MinimumVisualStudioVersion = 10.0.40219.1
Project("{9A19103F-16F7-4668-BE54-9A1E7A4F7556}") = "CsNut", "CsNut\CsNut.csproj", "{575083C7-4A85-4C5E-8CA9-B22B9FE0692F}"
EndProject
Project("{9A19103F-16F7-4668-BE54-9A1E7A4F7556}") = "OTTDLib", "OTTDLib\OTTDLib.csproj", "{98779F2F-ED79-4130-9BFC-4799D6A6CB21}"
EndProject
Project("{9A19103F-16F7-4668-BE54-9A1E7A4F7556}") = "CsAi", "CsAi\CsAi.csproj", "{FCB96DE2-DDD5-4BE1-B86A-63C57DD51F6D}"
EndProject
Project("{9A19103F-16F7-4668-BE54-9A1E7A4F7556}") = "CsAi.UnitTests", "CsAi.UnitTests\CsAi.UnitTests.csproj", "{FF1D8641-9D72-4418-863C-18E7CC82DF22}"
EndProject
Project("{9A19103F-16F7-4668-BE54-9A1E7A4F7556}") = "NutTester", "NutTester\NutTester.csproj", "{FDDEB4FE-8AC8-49EB-99CC-5DCB55ED726D}"
EndProject
Project("{9A19103F-16F7-4668-BE54-9A1E7A4F7556}") = "CsNut.UnitTests", "CsNut.UnitTests\CsNut.UnitTests.csproj", "{D482746E-052A-46DD-95CA-91E8DE2248C8}"
EndProject
Project("{2150E333-8FDC-42A3-9474-1A3956D46DE8}") = "Solution Items", "Solution Items", "{6B59EE91-B767-4E6C-87C4-6C13ED161BF1}"
	ProjectSection(SolutionItems) = preProject
		.gitignore = .gitignore
		LICENSE = LICENSE
		README.md = README.md
	EndProjectSection
EndProject
Global
	GlobalSection(SolutionConfigurationPlatforms) = preSolution
		Debug|Any CPU = Debug|Any CPU
		Release|Any CPU = Release|Any CPU
	EndGlobalSection
	GlobalSection(ProjectConfigurationPlatforms) = postSolution
		{575083C7-4A85-4C5E-8CA9-B22B9FE0692F}.Debug|Any CPU.ActiveCfg = Debug|Any CPU
		{575083C7-4A85-4C5E-8CA9-B22B9FE0692F}.Debug|Any CPU.Build.0 = Debug|Any CPU
		{575083C7-4A85-4C5E-8CA9-B22B9FE0692F}.Release|Any CPU.ActiveCfg = Release|Any CPU
		{575083C7-4A85-4C5E-8CA9-B22B9FE0692F}.Release|Any CPU.Build.0 = Release|Any CPU
		{98779F2F-ED79-4130-9BFC-4799D6A6CB21}.Debug|Any CPU.ActiveCfg = Debug|Any CPU
		{98779F2F-ED79-4130-9BFC-4799D6A6CB21}.Debug|Any CPU.Build.0 = Debug|Any CPU
		{98779F2F-ED79-4130-9BFC-4799D6A6CB21}.Release|Any CPU.ActiveCfg = Release|Any CPU
		{98779F2F-ED79-4130-9BFC-4799D6A6CB21}.Release|Any CPU.Build.0 = Release|Any CPU
		{FCB96DE2-DDD5-4BE1-B86A-63C57DD51F6D}.Debug|Any CPU.ActiveCfg = Debug|Any CPU
		{FCB96DE2-DDD5-4BE1-B86A-63C57DD51F6D}.Debug|Any CPU.Build.0 = Debug|Any CPU
		{FCB96DE2-DDD5-4BE1-B86A-63C57DD51F6D}.Release|Any CPU.ActiveCfg = Release|Any CPU
		{FCB96DE2-DDD5-4BE1-B86A-63C57DD51F6D}.Release|Any CPU.Build.0 = Release|Any CPU
		{FF1D8641-9D72-4418-863C-18E7CC82DF22}.Debug|Any CPU.ActiveCfg = Debug|Any CPU
		{FF1D8641-9D72-4418-863C-18E7CC82DF22}.Debug|Any CPU.Build.0 = Debug|Any CPU
		{FF1D8641-9D72-4418-863C-18E7CC82DF22}.Release|Any CPU.ActiveCfg = Release|Any CPU
		{FF1D8641-9D72-4418-863C-18E7CC82DF22}.Release|Any CPU.Build.0 = Release|Any CPU
		{FDDEB4FE-8AC8-49EB-99CC-5DCB55ED726D}.Debug|Any CPU.ActiveCfg = Debug|Any CPU
		{FDDEB4FE-8AC8-49EB-99CC-5DCB55ED726D}.Debug|Any CPU.Build.0 = Debug|Any CPU
		{FDDEB4FE-8AC8-49EB-99CC-5DCB55ED726D}.Release|Any CPU.ActiveCfg = Release|Any CPU
		{FDDEB4FE-8AC8-49EB-99CC-5DCB55ED726D}.Release|Any CPU.Build.0 = Release|Any CPU
		{D482746E-052A-46DD-95CA-91E8DE2248C8}.Debug|Any CPU.ActiveCfg = Debug|Any CPU
		{D482746E-052A-46DD-95CA-91E8DE2248C8}.Debug|Any CPU.Build.0 = Debug|Any CPU
		{D482746E-052A-46DD-95CA-91E8DE2248C8}.Release|Any CPU.ActiveCfg = Release|Any CPU
		{D482746E-052A-46DD-95CA-91E8DE2248C8}.Release|Any CPU.Build.0 = Release|Any CPU
	EndGlobalSection
	GlobalSection(SolutionProperties) = preSolution
		HideSolutionNode = FALSE
	EndGlobalSection
	GlobalSection(ExtensibilityGlobals) = postSolution
		SolutionGuid = {51A70BBD-47B1-4F97-AC55-03B07D8C012C}
	EndGlobalSection
EndGlobal
